// !$*UTF8*$!
{
	archiveVersion = 1;
	classes = {
	};
	objectVersion = 46;
	objects = {

/* Begin PBXBuildFile section */
		4C0197301C13B47400B63ECD /* MyAnnotation.swift in Sources */ = {isa = PBXBuildFile; fileRef = 4C01972F1C13B47400B63ECD /* MyAnnotation.swift */; };
		4C0197361C13BE7300B63ECD /* CustomPointAnnotation.swift in Sources */ = {isa = PBXBuildFile; fileRef = 4C0197351C13BE7300B63ECD /* CustomPointAnnotation.swift */; };
		4C0197381C13C1F600B63ECD /* piazza.jpg in Resources */ = {isa = PBXBuildFile; fileRef = 4C0197371C13C1F600B63ECD /* piazza.jpg */; };
		4C01973A1C13E06C00B63ECD /* pizza-pin.png in Resources */ = {isa = PBXBuildFile; fileRef = 4C0197391C13E06C00B63ECD /* pizza-pin.png */; };
		4C01973C1C13E11900B63ECD /* food.png in Resources */ = {isa = PBXBuildFile; fileRef = 4C01973B1C13E11900B63ECD /* food.png */; };
		4C0702F31C12EC3A008820BB /* AppDelegate.swift in Sources */ = {isa = PBXBuildFile; fileRef = 4C0702F21C12EC3A008820BB /* AppDelegate.swift */; };
		4C0702F51C12EC3A008820BB /* ViewController.swift in Sources */ = {isa = PBXBuildFile; fileRef = 4C0702F41C12EC3A008820BB /* ViewController.swift */; };
		4C0702F81C12EC3A008820BB /* Main.storyboard in Resources */ = {isa = PBXBuildFile; fileRef = 4C0702F61C12EC3A008820BB /* Main.storyboard */; };
		4C0702FA1C12EC3A008820BB /* Assets.xcassets in Resources */ = {isa = PBXBuildFile; fileRef = 4C0702F91C12EC3A008820BB /* Assets.xcassets */; };
		4C0702FD1C12EC3A008820BB /* LaunchScreen.storyboard in Resources */ = {isa = PBXBuildFile; fileRef = 4C0702FB1C12EC3A008820BB /* LaunchScreen.storyboard */; };
		4C0703081C12EC3A008820BB /* hangryTests.swift in Sources */ = {isa = PBXBuildFile; fileRef = 4C0703071C12EC3A008820BB /* hangryTests.swift */; };
		4C0703131C12EC3A008820BB /* hangryUITests.swift in Sources */ = {isa = PBXBuildFile; fileRef = 4C0703121C12EC3A008820BB /* hangryUITests.swift */; };
/* End PBXBuildFile section */

/* Begin PBXContainerItemProxy section */
		4C0703041C12EC3A008820BB /* PBXContainerItemProxy */ = {
			isa = PBXContainerItemProxy;
			containerPortal = 4C0702E71C12EC3A008820BB /* Project object */;
			proxyType = 1;
			remoteGlobalIDString = 4C0702EE1C12EC3A008820BB;
			remoteInfo = hangry;
		};
		4C07030F1C12EC3A008820BB /* PBXContainerItemProxy */ = {
			isa = PBXContainerItemProxy;
			containerPortal = 4C0702E71C12EC3A008820BB /* Project object */;
			proxyType = 1;
			remoteGlobalIDString = 4C0702EE1C12EC3A008820BB;
			remoteInfo = hangry;
		};
/* End PBXContainerItemProxy section */

/* Begin PBXFileReference section */
		4C01972F1C13B47400B63ECD /* MyAnnotation.swift */ = {isa = PBXFileReference; fileEncoding = 4; lastKnownFileType = sourcecode.swift; path = MyAnnotation.swift; sourceTree = "<group>"; };
		4C0197351C13BE7300B63ECD /* CustomPointAnnotation.swift */ = {isa = PBXFileReference; fileEncoding = 4; lastKnownFileType = sourcecode.swift; path = CustomPointAnnotation.swift; sourceTree = "<group>"; };
		4C0197371C13C1F600B63ECD /* piazza.jpg */ = {isa = PBXFileReference; lastKnownFileType = image.jpeg; path = piazza.jpg; sourceTree = "<group>"; };
		4C0197391C13E06C00B63ECD /* pizza-pin.png */ = {isa = PBXFileReference; lastKnownFileType = image.png; path = "pizza-pin.png"; sourceTree = SOURCE_ROOT; };
		4C01973B1C13E11900B63ECD /* food.png */ = {isa = PBXFileReference; lastKnownFileType = image.png; path = food.png; sourceTree = SOURCE_ROOT; };
		4C0702EF1C12EC3A008820BB /* hangry.app */ = {isa = PBXFileReference; explicitFileType = wrapper.application; includeInIndex = 0; path = hangry.app; sourceTree = BUILT_PRODUCTS_DIR; };
		4C0702F21C12EC3A008820BB /* AppDelegate.swift */ = {isa = PBXFileReference; lastKnownFileType = sourcecode.swift; path = AppDelegate.swift; sourceTree = "<group>"; };
		4C0702F41C12EC3A008820BB /* ViewController.swift */ = {isa = PBXFileReference; lastKnownFileType = sourcecode.swift; path = ViewController.swift; sourceTree = "<group>"; };
		4C0702F71C12EC3A008820BB /* Base */ = {isa = PBXFileReference; lastKnownFileType = file.storyboard; name = Base; path = Base.lproj/Main.storyboard; sourceTree = "<group>"; };
		4C0702F91C12EC3A008820BB /* Assets.xcassets */ = {isa = PBXFileReference; lastKnownFileType = folder.assetcatalog; path = Assets.xcassets; sourceTree = "<group>"; };
		4C0702FC1C12EC3A008820BB /* Base */ = {isa = PBXFileReference; lastKnownFileType = file.storyboard; name = Base; path = Base.lproj/LaunchScreen.storyboard; sourceTree = "<group>"; };
		4C0702FE1C12EC3A008820BB /* Info.plist */ = {isa = PBXFileReference; lastKnownFileType = text.plist.xml; path = Info.plist; sourceTree = "<group>"; };
		4C0703031C12EC3A008820BB /* hangryTests.xctest */ = {isa = PBXFileReference; explicitFileType = wrapper.cfbundle; includeInIndex = 0; path = hangryTests.xctest; sourceTree = BUILT_PRODUCTS_DIR; };
		4C0703071C12EC3A008820BB /* hangryTests.swift */ = {isa = PBXFileReference; lastKnownFileType = sourcecode.swift; path = hangryTests.swift; sourceTree = "<group>"; };
		4C0703091C12EC3A008820BB /* Info.plist */ = {isa = PBXFileReference; lastKnownFileType = text.plist.xml; path = Info.plist; sourceTree = "<group>"; };
		4C07030E1C12EC3A008820BB /* hangryUITests.xctest */ = {isa = PBXFileReference; explicitFileType = wrapper.cfbundle; includeInIndex = 0; path = hangryUITests.xctest; sourceTree = BUILT_PRODUCTS_DIR; };
		4C0703121C12EC3A008820BB /* hangryUITests.swift */ = {isa = PBXFileReference; lastKnownFileType = sourcecode.swift; path = hangryUITests.swift; sourceTree = "<group>"; };
		4C0703141C12EC3A008820BB /* Info.plist */ = {isa = PBXFileReference; lastKnownFileType = text.plist.xml; path = Info.plist; sourceTree = "<group>"; };
/* End PBXFileReference section */

/* Begin PBXFrameworksBuildPhase section */
		4C0702EC1C12EC3A008820BB /* Frameworks */ = {
			isa = PBXFrameworksBuildPhase;
			buildActionMask = 2147483647;
			files = (
			);
			runOnlyForDeploymentPostprocessing = 0;
		};
		4C0703001C12EC3A008820BB /* Frameworks */ = {
			isa = PBXFrameworksBuildPhase;
			buildActionMask = 2147483647;
			files = (
			);
			runOnlyForDeploymentPostprocessing = 0;
		};
		4C07030B1C12EC3A008820BB /* Frameworks */ = {
			isa = PBXFrameworksBuildPhase;
			buildActionMask = 2147483647;
			files = (
			);
			runOnlyForDeploymentPostprocessing = 0;
		};
/* End PBXFrameworksBuildPhase section */

/* Begin PBXGroup section */
		4C0702E61C12EC3A008820BB = {
			isa = PBXGroup;
			children = (
				4C0197371C13C1F600B63ECD /* piazza.jpg */,
				4C0702F11C12EC3A008820BB /* hangry */,
				4C0703061C12EC3A008820BB /* hangryTests */,
				4C0703111C12EC3A008820BB /* hangryUITests */,
				4C0702F01C12EC3A008820BB /* Products */,
			);
			sourceTree = "<group>";
		};
		4C0702F01C12EC3A008820BB /* Products */ = {
			isa = PBXGroup;
			children = (
				4C0702EF1C12EC3A008820BB /* hangry.app */,
				4C0703031C12EC3A008820BB /* hangryTests.xctest */,
				4C07030E1C12EC3A008820BB /* hangryUITests.xctest */,
			);
			name = Products;
			sourceTree = "<group>";
		};
		4C0702F11C12EC3A008820BB /* hangry */ = {
			isa = PBXGroup;
			children = (
				4C0702F21C12EC3A008820BB /* AppDelegate.swift */,
				4C0702F41C12EC3A008820BB /* ViewController.swift */,
				4C01973B1C13E11900B63ECD /* food.png */,
				4C0197391C13E06C00B63ECD /* pizza-pin.png */,
				4C0197351C13BE7300B63ECD /* CustomPointAnnotation.swift */,
				4C0702F61C12EC3A008820BB /* Main.storyboard */,
				4C01972F1C13B47400B63ECD /* MyAnnotation.swift */,
				4C0702F91C12EC3A008820BB /* Assets.xcassets */,
				4C0702FB1C12EC3A008820BB /* LaunchScreen.storyboard */,
				4C0702FE1C12EC3A008820BB /* Info.plist */,
			);
			path = hangry;
			sourceTree = "<group>";
		};
		4C0703061C12EC3A008820BB /* hangryTests */ = {
			isa = PBXGroup;
			children = (
				4C0703071C12EC3A008820BB /* hangryTests.swift */,
				4C0703091C12EC3A008820BB /* Info.plist */,
			);
			path = hangryTests;
			sourceTree = "<group>";
		};
		4C0703111C12EC3A008820BB /* hangryUITests */ = {
			isa = PBXGroup;
			children = (
				4C0703121C12EC3A008820BB /* hangryUITests.swift */,
				4C0703141C12EC3A008820BB /* Info.plist */,
			);
			path = hangryUITests;
			sourceTree = "<group>";
		};
/* End PBXGroup section */

/* Begin PBXNativeTarget section */
		4C0702EE1C12EC3A008820BB /* hangry */ = {
			isa = PBXNativeTarget;
			buildConfigurationList = 4C0703171C12EC3A008820BB /* Build configuration list for PBXNativeTarget "hangry" */;
			buildPhases = (
				4C0702EB1C12EC3A008820BB /* Sources */,
				4C0702EC1C12EC3A008820BB /* Frameworks */,
				4C0702ED1C12EC3A008820BB /* Resources */,
			);
			buildRules = (
			);
			dependencies = (
			);
			name = hangry;
			productName = hangry;
			productReference = 4C0702EF1C12EC3A008820BB /* hangry.app */;
			productType = "com.apple.product-type.application";
		};
		4C0703021C12EC3A008820BB /* hangryTests */ = {
			isa = PBXNativeTarget;
			buildConfigurationList = 4C07031A1C12EC3A008820BB /* Build configuration list for PBXNativeTarget "hangryTests" */;
			buildPhases = (
				4C0702FF1C12EC3A008820BB /* Sources */,
				4C0703001C12EC3A008820BB /* Frameworks */,
				4C0703011C12EC3A008820BB /* Resources */,
			);
			buildRules = (
			);
			dependencies = (
				4C0703051C12EC3A008820BB /* PBXTargetDependency */,
			);
			name = hangryTests;
			productName = hangryTests;
			productReference = 4C0703031C12EC3A008820BB /* hangryTests.xctest */;
			productType = "com.apple.product-type.bundle.unit-test";
		};
		4C07030D1C12EC3A008820BB /* hangryUITests */ = {
			isa = PBXNativeTarget;
			buildConfigurationList = 4C07031D1C12EC3A008820BB /* Build configuration list for PBXNativeTarget "hangryUITests" */;
			buildPhases = (
				4C07030A1C12EC3A008820BB /* Sources */,
				4C07030B1C12EC3A008820BB /* Frameworks */,
				4C07030C1C12EC3A008820BB /* Resources */,
			);
			buildRules = (
			);
			dependencies = (
				4C0703101C12EC3A008820BB /* PBXTargetDependency */,
			);
			name = hangryUITests;
			productName = hangryUITests;
			productReference = 4C07030E1C12EC3A008820BB /* hangryUITests.xctest */;
			productType = "com.apple.product-type.bundle.ui-testing";
		};
/* End PBXNativeTarget section */

/* Begin PBXProject section */
		4C0702E71C12EC3A008820BB /* Project object */ = {
			isa = PBXProject;
			attributes = {
				LastSwiftUpdateCheck = 0710;
				LastUpgradeCheck = 0710;
				ORGANIZATIONNAME = "Winnie Wen";
				TargetAttributes = {
					4C0702EE1C12EC3A008820BB = {
						CreatedOnToolsVersion = 7.1.1;
					};
					4C0703021C12EC3A008820BB = {
						CreatedOnToolsVersion = 7.1.1;
						TestTargetID = 4C0702EE1C12EC3A008820BB;
					};
					4C07030D1C12EC3A008820BB = {
						CreatedOnToolsVersion = 7.1.1;
						TestTargetID = 4C0702EE1C12EC3A008820BB;
					};
				};
			};
			buildConfigurationList = 4C0702EA1C12EC3A008820BB /* Build configuration list for PBXProject "hangry" */;
			compatibilityVersion = "Xcode 3.2";
			developmentRegion = English;
			hasScannedForEncodings = 0;
			knownRegions = (
				en,
				Base,
			);
			mainGroup = 4C0702E61C12EC3A008820BB;
			productRefGroup = 4C0702F01C12EC3A008820BB /* Products */;
			projectDirPath = "";
			projectRoot = "";
			targets = (
				4C0702EE1C12EC3A008820BB /* hangry */,
				4C0703021C12EC3A008820BB /* hangryTests */,
				4C07030D1C12EC3A008820BB /* hangryUITests */,
			);
		};
/* End PBXProject section */

/* Begin PBXResourcesBuildPhase section */
		4C0702ED1C12EC3A008820BB /* Resources */ = {
			isa = PBXResourcesBuildPhase;
			buildActionMask = 2147483647;
			files = (
				4C0197381C13C1F600B63ECD /* piazza.jpg in Resources */,
				4C0702FD1C12EC3A008820BB /* LaunchScreen.storyboard in Resources */,
				4C01973A1C13E06C00B63ECD /* pizza-pin.png in Resources */,
				4C01973C1C13E11900B63ECD /* food.png in Resources */,
				4C0702FA1C12EC3A008820BB /* Assets.xcassets in Resources */,
				4C0702F81C12EC3A008820BB /* Main.storyboard in Resources */,
			);
			runOnlyForDeploymentPostprocessing = 0;
		};
		4C0703011C12EC3A008820BB /* Resources */ = {
			isa = PBXResourcesBuildPhase;
			buildActionMask = 2147483647;
			files = (
			);
			runOnlyForDeploymentPostprocessing = 0;
		};
		4C07030C1C12EC3A008820BB /* Resources */ = {
			isa = PBXResourcesBuildPhase;
			buildActionMask = 2147483647;
			files = (
			);
			runOnlyForDeploymentPostprocessing = 0;
		};
/* End PBXResourcesBuildPhase section */

/* Begin PBXSourcesBuildPhase section */
		4C0702EB1C12EC3A008820BB /* Sources */ = {
			isa = PBXSourcesBuildPhase;
			buildActionMask = 2147483647;
			files = (
				4C0702F51C12EC3A008820BB /* ViewController.swift in Sources */,
				4C0702F31C12EC3A008820BB /* AppDelegate.swift in Sources */,
				4C0197361C13BE7300B63ECD /* CustomPointAnnotation.swift in Sources */,
				4C0197301C13B47400B63ECD /* MyAnnotation.swift in Sources */,
			);
			runOnlyForDeploymentPostprocessing = 0;
		};
		4C0702FF1C12EC3A008820BB /* Sources */ = {
			isa = PBXSourcesBuildPhase;
			buildActionMask = 2147483647;
			files = (
				4C0703081C12EC3A008820BB /* hangryTests.swift in Sources */,
			);
			runOnlyForDeploymentPostprocessing = 0;
		};
		4C07030A1C12EC3A008820BB /* Sources */ = {
			isa = PBXSourcesBuildPhase;
			buildActionMask = 2147483647;
			files = (
				4C0703131C12EC3A008820BB /* hangryUITests.swift in Sources */,
			);
			runOnlyForDeploymentPostprocessing = 0;
		};
/* End PBXSourcesBuildPhase section */

/* Begin PBXTargetDependency section */
		4C0703051C12EC3A008820BB /* PBXTargetDependency */ = {
			isa = PBXTargetDependency;
			target = 4C0702EE1C12EC3A008820BB /* hangry */;
			targetProxy = 4C0703041C12EC3A008820BB /* PBXContainerItemProxy */;
		};
		4C0703101C12EC3A008820BB /* PBXTargetDependency */ = {
			isa = PBXTargetDependency;
			target = 4C0702EE1C12EC3A008820BB /* hangry */;
			targetProxy = 4C07030F1C12EC3A008820BB /* PBXContainerItemProxy */;
		};
/* End PBXTargetDependency section */

/* Begin PBXVariantGroup section */
		4C0702F61C12EC3A008820BB /* Main.storyboard */ = {
			isa = PBXVariantGroup;
			children = (
				4C0702F71C12EC3A008820BB /* Base */,
			);
			name = Main.storyboard;
			sourceTree = "<group>";
		};
		4C0702FB1C12EC3A008820BB /* LaunchScreen.storyboard */ = {
			isa = PBXVariantGroup;
			children = (
				4C0702FC1C12EC3A008820BB /* Base */,
			);
			name = LaunchScreen.storyboard;
			sourceTree = "<group>";
		};
/* End PBXVariantGroup section */

/* Begin XCBuildConfiguration section */
		4C0703151C12EC3A008820BB /* Debug */ = {
			isa = XCBuildConfiguration;
			buildSettings = {
				ALWAYS_SEARCH_USER_PATHS = NO;
				CLANG_CXX_LANGUAGE_STANDARD = "gnu++0x";
				CLANG_CXX_LIBRARY = "libc++";
				CLANG_ENABLE_MODULES = YES;
				CLANG_ENABLE_OBJC_ARC = YES;
				CLANG_WARN_BOOL_CONVERSION = YES;
				CLANG_WARN_CONSTANT_CONVERSION = YES;
				CLANG_WARN_DIRECT_OBJC_ISA_USAGE = YES_ERROR;
				CLANG_WARN_EMPTY_BODY = YES;
				CLANG_WARN_ENUM_CONVERSION = YES;
				CLANG_WARN_INT_CONVERSION = YES;
				CLANG_WARN_OBJC_ROOT_CLASS = YES_ERROR;
				CLANG_WARN_UNREACHABLE_CODE = YES;
				CLANG_WARN__DUPLICATE_METHOD_MATCH = YES;
				"CODE_SIGN_IDENTITY[sdk=iphoneos*]" = "iPhone Developer";
				COPY_PHASE_STRIP = NO;
				DEBUG_INFORMATION_FORMAT = dwarf;
				ENABLE_STRICT_OBJC_MSGSEND = YES;
				ENABLE_TESTABILITY = YES;
				GCC_C_LANGUAGE_STANDARD = gnu99;
				GCC_DYNAMIC_NO_PIC = NO;
				GCC_NO_COMMON_BLOCKS = YES;
				GCC_OPTIMIZATION_LEVEL = 0;
				GCC_PREPROCESSOR_DEFINITIONS = (
					"DEBUG=1",
					"$(inherited)",
				);
				GCC_WARN_64_TO_32_BIT_CONVERSION = YES;
				GCC_WARN_ABOUT_RETURN_TYPE = YES_ERROR;
				GCC_WARN_UNDECLARED_SELECTOR = YES;
				GCC_WARN_UNINITIALIZED_AUTOS = YES_AGGRESSIVE;
				GCC_WARN_UNUSED_FUNCTION = YES;
				GCC_WARN_UNUSED_VARIABLE = YES;
				IPHONEOS_DEPLOYMENT_TARGET = 9.1;
				MTL_ENABLE_DEBUG_INFO = YES;
				ONLY_ACTIVE_ARCH = YES;
				SDKROOT = iphoneos;
				SWIFT_OPTIMIZATION_LEVEL = "-Onone";
			};
			name = Debug;
		};
		4C0703161C12EC3A008820BB /* Release */ = {
			isa = XCBuildConfiguration;
			buildSettings = {
				ALWAYS_SEARCH_USER_PATHS = NO;
				CLANG_CXX_LANGUAGE_STANDARD = "gnu++0x";
				CLANG_CXX_LIBRARY = "libc++";
				CLANG_ENABLE_MODULES = YES;
				CLANG_ENABLE_OBJC_ARC = YES;
				CLANG_WARN_BOOL_CONVERSION = YES;
				CLANG_WARN_CONSTANT_CONVERSION = YES;
				CLANG_WARN_DIRECT_OBJC_ISA_USAGE = YES_ERROR;
				CLANG_WARN_EMPTY_BODY = YES;
				CLANG_WARN_ENUM_CONVERSION = YES;
				CLANG_WARN_INT_CONVERSION = YES;
				CLANG_WARN_OBJC_ROOT_CLASS = YES_ERROR;
				CLANG_WARN_UNREACHABLE_CODE = YES;
				CLANG_WARN__DUPLICATE_METHOD_MATCH = YES;
				"CODE_SIGN_IDENTITY[sdk=iphoneos*]" = "iPhone Developer";
				COPY_PHASE_STRIP = NO;
				DEBUG_INFORMATION_FORMAT = "dwarf-with-dsym";
				ENABLE_NS_ASSERTIONS = NO;
				ENABLE_STRICT_OBJC_MSGSEND = YES;
				GCC_C_LANGUAGE_STANDARD = gnu99;
				GCC_NO_COMMON_BLOCKS = YES;
				GCC_WARN_64_TO_32_BIT_CONVERSION = YES;
				GCC_WARN_ABOUT_RETURN_TYPE = YES_ERROR;
				GCC_WARN_UNDECLARED_SELECTOR = YES;
				GCC_WARN_UNINITIALIZED_AUTOS = YES_AGGRESSIVE;
				GCC_WARN_UNUSED_FUNCTION = YES;
				GCC_WARN_UNUSED_VARIABLE = YES;
				IPHONEOS_DEPLOYMENT_TARGET = 9.1;
				MTL_ENABLE_DEBUG_INFO = NO;
				SDKROOT = iphoneos;
				VALIDATE_PRODUCT = YES;
			};
			name = Release;
		};
		4C0703181C12EC3A008820BB /* Debug */ = {
			isa = XCBuildConfiguration;
			buildSettings = {
				ASSETCATALOG_COMPILER_APPICON_NAME = AppIcon;
				INFOPLIST_FILE = hangry/Info.plist;
				LD_RUNPATH_SEARCH_PATHS = "$(inherited) @executable_path/Frameworks";
				PRODUCT_BUNDLE_IDENTIFIER = com.wiwen.hangry;
				PRODUCT_NAME = "$(TARGET_NAME)";
			};
			name = Debug;
		};
		4C0703191C12EC3A008820BB /* Release */ = {
			isa = XCBuildConfiguration;
			buildSettings = {
				ASSETCATALOG_COMPILER_APPICON_NAME = AppIcon;
				INFOPLIST_FILE = hangry/Info.plist;
				LD_RUNPATH_SEARCH_PATHS = "$(inherited) @executable_path/Frameworks";
				PRODUCT_BUNDLE_IDENTIFIER = com.wiwen.hangry;
				PRODUCT_NAME = "$(TARGET_NAME)";
			};
			name = Release;
		};
		4C07031B1C12EC3A008820BB /* Debug */ = {
			isa = XCBuildConfiguration;
			buildSettings = {
				BUNDLE_LOADER = "$(TEST_HOST)";
				INFOPLIST_FILE = hangryTests/Info.plist;
				LD_RUNPATH_SEARCH_PATHS = "$(inherited) @executable_path/Frameworks @loader_path/Frameworks";
				PRODUCT_BUNDLE_IDENTIFIER = com.wiwen.hangryTests;
				PRODUCT_NAME = "$(TARGET_NAME)";
				TEST_HOST = "$(BUILT_PRODUCTS_DIR)/hangry.app/hangry";
			};
			name = Debug;
		};
		4C07031C1C12EC3A008820BB /* Release */ = {
			isa = XCBuildConfiguration;
			buildSettings = {
				BUNDLE_LOADER = "$(TEST_HOST)";
				INFOPLIST_FILE = hangryTests/Info.plist;
				LD_RUNPATH_SEARCH_PATHS = "$(inherited) @executable_path/Frameworks @loader_path/Frameworks";
				PRODUCT_BUNDLE_IDENTIFIER = com.wiwen.hangryTests;
				PRODUCT_NAME = "$(TARGET_NAME)";
				TEST_HOST = "$(BUILT_PRODUCTS_DIR)/hangry.app/hangry";
			};
			name = Release;
		};
		4C07031E1C12EC3A008820BB /* Debug */ = {
			isa = XCBuildConfiguration;
			buildSettings = {
				INFOPLIST_FILE = hangryUITests/Info.plist;
				LD_RUNPATH_SEARCH_PATHS = "$(inherited) @executable_path/Frameworks @loader_path/Frameworks";
				PRODUCT_BUNDLE_IDENTIFIER = com.wiwen.hangryUITests;
				PRODUCT_NAME = "$(TARGET_NAME)";
				TEST_TARGET_NAME = hangry;
				USES_XCTRUNNER = YES;
			};
			name = Debug;
		};
		4C07031F1C12EC3A008820BB /* Release */ = {
			isa = XCBuildConfiguration;
			buildSettings = {
				INFOPLIST_FILE = hangryUITests/Info.plist;
				LD_RUNPATH_SEARCH_PATHS = "$(inherited) @executable_path/Frameworks @loader_path/Frameworks";
				PRODUCT_BUNDLE_IDENTIFIER = com.wiwen.hangryUITests;
				PRODUCT_NAME = "$(TARGET_NAME)";
				TEST_TARGET_NAME = hangry;
				USES_XCTRUNNER = YES;
			};
			name = Release;
		};
/* End XCBuildConfiguration section */

/* Begin XCConfigurationList section */
		4C0702EA1C12EC3A008820BB /* Build configuration list for PBXProject "hangry" */ = {
			isa = XCConfigurationList;
			buildConfigurations = (
				4C0703151C12EC3A008820BB /* Debug */,
				4C0703161C12EC3A008820BB /* Release */,
			);
			defaultConfigurationIsVisible = 0;
			defaultConfigurationName = Release;
		};
		4C0703171C12EC3A008820BB /* Build configuration list for PBXNativeTarget "hangry" */ = {
			isa = XCConfigurationList;
			buildConfigurations = (
				4C0703181C12EC3A008820BB /* Debug */,
				4C0703191C12EC3A008820BB /* Release */,
			);
			defaultConfigurationIsVisible = 0;
			defaultConfigurationName = Release;
		};
		4C07031A1C12EC3A008820BB /* Build configuration list for PBXNativeTarget "hangryTests" */ = {
			isa = XCConfigurationList;
			buildConfigurations = (
				4C07031B1C12EC3A008820BB /* Debug */,
				4C07031C1C12EC3A008820BB /* Release */,
			);
			defaultConfigurationIsVisible = 0;
			defaultConfigurationName = Release;
		};
		4C07031D1C12EC3A008820BB /* Build configuration list for PBXNativeTarget "hangryUITests" */ = {
			isa = XCConfigurationList;
			buildConfigurations = (
				4C07031E1C12EC3A008820BB /* Debug */,
				4C07031F1C12EC3A008820BB /* Release */,
			);
			defaultConfigurationIsVisible = 0;
			defaultConfigurationName = Release;
		};
/* End XCConfigurationList section */
	};
	rootObject = 4C0702E71C12EC3A008820BB /* Project object */;
}
